
Microsoft Visual Studio Solution File, Format Version 12.00
# Visual Studio 14
VisualStudioVersion = 14.0.23107.0
MinimumVisualStudioVersion = 10.0.40219.1
Project("{FAE04EC0-301F-11D3-BF4B-00C04F79EFBC}") = "Mdo.Website", "Mdo.Website\Mdo.Website.csproj", "{BDA6C8C0-72CD-46AF-AC7B-1B3DB0E777B8}"
EndProject
Project("{FAE04EC0-301F-11D3-BF4B-00C04F79EFBC}") = "Mdo.WebApi", "Mdo.WebApi\Mdo.WebApi.csproj", "{D5298FEC-9E67-49E6-BBE3-44476A7CAB8E}"
EndProject
Project("{FAE04EC0-301F-11D3-BF4B-00C04F79EFBC}") = "Mdo.Persistence", "Mdo.Persistence\Mdo.Persistence.csproj", "{C3310B3A-231B-4EA6-B67B-B343DB27DFCD}"
EndProject
Project("{FAE04EC0-301F-11D3-BF4B-00C04F79EFBC}") = "Mdo.Core", "Mdo.Core\Mdo.Core.csproj", "{6F6B3AD4-1501-4718-BC54-F56610BAFF2D}"
EndProject
Project("{2150E333-8FDC-42A3-9474-1A3956D46DE8}") = "tests", "tests", "{BE250FAB-18FD-4351-BD3A-3AEEDB294A31}"
EndProject
Project("{FAE04EC0-301F-11D3-BF4B-00C04F79EFBC}") = "Mdo.Acceptance", "Mdo.Acceptance\Mdo.Acceptance.csproj", "{42FA4228-264D-42A4-BFAA-6ECB728AF34A}"
EndProject
Project("{FAE04EC0-301F-11D3-BF4B-00C04F79EFBC}") = "PersistenceMocks", "PersistenceMocks\PersistenceMocks.csproj", "{1AE497F1-6C61-4BD0-87E5-70487F33CF3D}"
EndProject
Global
	GlobalSection(SolutionConfigurationPlatforms) = preSolution
		Debug|Any CPU = Debug|Any CPU
		Release|Any CPU = Release|Any CPU
	EndGlobalSection
	GlobalSection(ProjectConfigurationPlatforms) = postSolution
		{BDA6C8C0-72CD-46AF-AC7B-1B3DB0E777B8}.Debug|Any CPU.ActiveCfg = Debug|Any CPU
		{BDA6C8C0-72CD-46AF-AC7B-1B3DB0E777B8}.Debug|Any CPU.Build.0 = Debug|Any CPU
		{BDA6C8C0-72CD-46AF-AC7B-1B3DB0E777B8}.Release|Any CPU.ActiveCfg = Release|Any CPU
		{BDA6C8C0-72CD-46AF-AC7B-1B3DB0E777B8}.Release|Any CPU.Build.0 = Release|Any CPU
		{D5298FEC-9E67-49E6-BBE3-44476A7CAB8E}.Debug|Any CPU.ActiveCfg = Debug|Any CPU
		{D5298FEC-9E67-49E6-BBE3-44476A7CAB8E}.Debug|Any CPU.Build.0 = Debug|Any CPU
		{D5298FEC-9E67-49E6-BBE3-44476A7CAB8E}.Release|Any CPU.ActiveCfg = Release|Any CPU
		{D5298FEC-9E67-49E6-BBE3-44476A7CAB8E}.Release|Any CPU.Build.0 = Release|Any CPU
		{C3310B3A-231B-4EA6-B67B-B343DB27DFCD}.Debug|Any CPU.ActiveCfg = Debug|Any CPU
		{C3310B3A-231B-4EA6-B67B-B343DB27DFCD}.Debug|Any CPU.Build.0 = Debug|Any CPU
		{C3310B3A-231B-4EA6-B67B-B343DB27DFCD}.Release|Any CPU.ActiveCfg = Release|Any CPU
		{C3310B3A-231B-4EA6-B67B-B343DB27DFCD}.Release|Any CPU.Build.0 = Release|Any CPU
		{6F6B3AD4-1501-4718-BC54-F56610BAFF2D}.Debug|Any CPU.ActiveCfg = Debug|Any CPU
		{6F6B3AD4-1501-4718-BC54-F56610BAFF2D}.Debug|Any CPU.Build.0 = Debug|Any CPU
		{6F6B3AD4-1501-4718-BC54-F56610BAFF2D}.Release|Any CPU.ActiveCfg = Release|Any CPU
		{6F6B3AD4-1501-4718-BC54-F56610BAFF2D}.Release|Any CPU.Build.0 = Release|Any CPU
		{42FA4228-264D-42A4-BFAA-6ECB728AF34A}.Debug|Any CPU.ActiveCfg = Debug|Any CPU
		{42FA4228-264D-42A4-BFAA-6ECB728AF34A}.Debug|Any CPU.Build.0 = Debug|Any CPU
		{42FA4228-264D-42A4-BFAA-6ECB728AF34A}.Release|Any CPU.ActiveCfg = Release|Any CPU
		{42FA4228-264D-42A4-BFAA-6ECB728AF34A}.Release|Any CPU.Build.0 = Release|Any CPU
		{1AE497F1-6C61-4BD0-87E5-70487F33CF3D}.Debug|Any CPU.ActiveCfg = Debug|Any CPU
		{1AE497F1-6C61-4BD0-87E5-70487F33CF3D}.Debug|Any CPU.Build.0 = Debug|Any CPU
		{1AE497F1-6C61-4BD0-87E5-70487F33CF3D}.Release|Any CPU.ActiveCfg = Release|Any CPU
		{1AE497F1-6C61-4BD0-87E5-70487F33CF3D}.Release|Any CPU.Build.0 = Release|Any CPU
	EndGlobalSection
	GlobalSection(SolutionProperties) = preSolution
		HideSolutionNode = FALSE
	EndGlobalSection
	GlobalSection(NestedProjects) = preSolution
		{42FA4228-264D-42A4-BFAA-6ECB728AF34A} = {BE250FAB-18FD-4351-BD3A-3AEEDB294A31}
		{1AE497F1-6C61-4BD0-87E5-70487F33CF3D} = {BE250FAB-18FD-4351-BD3A-3AEEDB294A31}
	EndGlobalSection
EndGlobal
